
Microsoft Visual Studio Solution File, Format Version 12.00
# Visual Studio 14
VisualStudioVersion = 14.0.25420.1
MinimumVisualStudioVersion = 10.0.40219.1
Project("{FAE04EC0-301F-11D3-BF4B-00C04F79EFBC}") = "A3Game", "A3Game.csproj", "{D227E5B5-3780-49F4-A532-41C447DD34AD}"
	ProjectSection(ProjectDependencies) = postProject
		{0294CCC2-5C45-4012-A3CD-938D2AE89420} = {0294CCC2-5C45-4012-A3CD-938D2AE89420}
	EndProjectSection
EndProject
Project("{FAE04EC0-301F-11D3-BF4B-00C04F79EFBC}") = "GameFramework", "..\GameFramework\GameFramework.csproj", "{0294CCC2-5C45-4012-A3CD-938D2AE89420}"
	ProjectSection(ProjectDependencies) = postProject
		{EBCB8CA4-77F7-4352-AC1B-DEDE53244A91} = {EBCB8CA4-77F7-4352-AC1B-DEDE53244A91}
		{EC3B4DF9-5E61-43A3-8BB0-EB1CE7CD594B} = {EC3B4DF9-5E61-43A3-8BB0-EB1CE7CD594B}
	EndProjectSection
EndProject
Project("{FAE04EC0-301F-11D3-BF4B-00C04F79EFBC}") = "ICSharpCode.SharpZLib", "..\..\..\monolib\Frameworks\Libs\SharpZip\ICSharpCode.SharpZLib.csproj", "{0E7413FF-EB9E-4714-ACF2-BE3A6A7B2FFD}"
EndProject
Project("{FAE04EC0-301F-11D3-BF4B-00C04F79EFBC}") = "CrossMono", "..\..\..\monolib\Frameworks\CrossMono\CrossMono.csproj", "{EC3B4DF9-5E61-43A3-8BB0-EB1CE7CD594B}"
EndProject
Project("{FAE04EC0-301F-11D3-BF4B-00C04F79EFBC}") = "CrossMonoUnityImpl", "..\..\..\monolib\Frameworks\CrossMonoUnityImpl\CrossMonoUnityImpl.csproj", "{EBCB8CA4-77F7-4352-AC1B-DEDE53244A91}"
EndProject
Project("{5697748A-77EF-44CA-8824-4F5637E5945B}") = "Lua", "..\..\A3Main\A3_U3D_MAIN\Assets\Lua.luaproj", "{E439935D-B2A2-46AE-856D-2AA408428F33}"
EndProject
Global
	GlobalSection(SolutionConfigurationPlatforms) = preSolution
		Debug|Any CPU = Debug|Any CPU
		Release|Any CPU = Release|Any CPU
	EndGlobalSection
	GlobalSection(ProjectConfigurationPlatforms) = postSolution
		{D227E5B5-3780-49F4-A532-41C447DD34AD}.Debug|Any CPU.ActiveCfg = Debug|Any CPU
		{D227E5B5-3780-49F4-A532-41C447DD34AD}.Debug|Any CPU.Build.0 = Debug|Any CPU
		{D227E5B5-3780-49F4-A532-41C447DD34AD}.Release|Any CPU.ActiveCfg = Release|Any CPU
		{D227E5B5-3780-49F4-A532-41C447DD34AD}.Release|Any CPU.Build.0 = Release|Any CPU
		{0294CCC2-5C45-4012-A3CD-938D2AE89420}.Debug|Any CPU.ActiveCfg = Debug|Any CPU
		{0294CCC2-5C45-4012-A3CD-938D2AE89420}.Debug|Any CPU.Build.0 = Debug|Any CPU
		{0294CCC2-5C45-4012-A3CD-938D2AE89420}.Release|Any CPU.ActiveCfg = Release|Any CPU
		{0294CCC2-5C45-4012-A3CD-938D2AE89420}.Release|Any CPU.Build.0 = Release|Any CPU
		{0E7413FF-EB9E-4714-ACF2-BE3A6A7B2FFD}.Debug|Any CPU.ActiveCfg = Debug|Any CPU
		{0E7413FF-EB9E-4714-ACF2-BE3A6A7B2FFD}.Debug|Any CPU.Build.0 = Debug|Any CPU
		{0E7413FF-EB9E-4714-ACF2-BE3A6A7B2FFD}.Release|Any CPU.ActiveCfg = Release|Any CPU
		{0E7413FF-EB9E-4714-ACF2-BE3A6A7B2FFD}.Release|Any CPU.Build.0 = Release|Any CPU
		{EC3B4DF9-5E61-43A3-8BB0-EB1CE7CD594B}.Debug|Any CPU.ActiveCfg = Debug|Any CPU
		{EC3B4DF9-5E61-43A3-8BB0-EB1CE7CD594B}.Debug|Any CPU.Build.0 = Debug|Any CPU
		{EC3B4DF9-5E61-43A3-8BB0-EB1CE7CD594B}.Release|Any CPU.ActiveCfg = Release|Any CPU
		{EC3B4DF9-5E61-43A3-8BB0-EB1CE7CD594B}.Release|Any CPU.Build.0 = Release|Any CPU
		{EBCB8CA4-77F7-4352-AC1B-DEDE53244A91}.Debug|Any CPU.ActiveCfg = Debug|Any CPU
		{EBCB8CA4-77F7-4352-AC1B-DEDE53244A91}.Debug|Any CPU.Build.0 = Debug|Any CPU
		{EBCB8CA4-77F7-4352-AC1B-DEDE53244A91}.Release|Any CPU.ActiveCfg = Release|Any CPU
		{EBCB8CA4-77F7-4352-AC1B-DEDE53244A91}.Release|Any CPU.Build.0 = Release|Any CPU
		{E439935D-B2A2-46AE-856D-2AA408428F33}.Debug|Any CPU.ActiveCfg = Debug|Any CPU
		{E439935D-B2A2-46AE-856D-2AA408428F33}.Debug|Any CPU.Build.0 = Debug|Any CPU
		{E439935D-B2A2-46AE-856D-2AA408428F33}.Release|Any CPU.ActiveCfg = Release|Any CPU
		{E439935D-B2A2-46AE-856D-2AA408428F33}.Release|Any CPU.Build.0 = Release|Any CPU
	EndGlobalSection
	GlobalSection(SolutionProperties) = preSolution
		HideSolutionNode = FALSE
	EndGlobalSection
EndGlobal
